<?xml version="1.0" encoding="utf-8"?>
<Project ToolsVersion="4.0" xmlns="http://schemas.microsoft.com/developer/msbuild/2003">
  <ItemGroup>
    <ClCompile Include="backends\imgui_impl_glut.cpp" />
    <ClCompile Include="backends\imgui_impl_opengl2.cpp" />
    <ClCompile Include="DigitalPaint2000---TREM---GIBIAT---CHOPIN.cpp" />
    <ClCompile Include="imgui\imgui.cpp" />
    <ClCompile Include="imgui\imgui_draw.cpp" />
    <ClCompile Include="imgui\imgui_tables.cpp" />
    <ClCompile Include="imgui\imgui_widgets.cpp" />
  </ItemGroup>
  <ItemGroup>
    <ClInclude Include="Alert Dialogue.h" />
    <ClInclude Include="backends\imgui_impl_glut.h" />
    <ClInclude Include="backends\imgui_impl_opengl2.h" />
    <ClInclude Include="Button.h" />
    <ClInclude Include="Canvas.h" />
    <ClInclude Include="Colour Palette.h" />
    <ClInclude Include="Colour.h" />
    <ClInclude Include="Cover.h" />
    <ClInclude Include="File Management.h" />
    <ClInclude Include="Fonts.h" />
    <ClInclude Include="glut.h" />
    <ClInclude Include="imgui\imgui.h" />
    <ClInclude Include="imgui\imgui_internal.h" />
    <ClInclude Include="Open File Dialogue.h" />
    <ClInclude Include="Pointer.h" />
    <ClInclude Include="Save File Dialogue.h" />
    <ClInclude Include="Toolbar.h" />
    <ClInclude Include="Tool_Circle.h" />
    <ClInclude Include="Tool_Fill.h" />
    <ClInclude Include="Tool_Move.h" />
    <ClInclude Include="Tool_Pen.h" />
    <ClInclude Include="Tool_Polygone.h" />
    <ClInclude Include="Tool_Rect.h" />
    <ClInclude Include="Tool_Selection.h" />
    <ClInclude Include="Top Menu Bar Callbacks.h" />
    <ClInclude Include="Top Menu Bar.h" />
    <ClInclude Include="Yes No Dialogue.h" />
    <ClInclude Include="Tool_Bezier.h" />
  </ItemGroup>
</Project>